
Microsoft Visual Studio Solution File, Format Version 12.00
# Visual Studio 15
VisualStudioVersion = 15.0.28307.1145
MinimumVisualStudioVersion = 10.0.40219.1
Project("{FAE04EC0-301F-11D3-BF4B-00C04F79EFBC}") = "CrudWebApiAspNetCore2.2", "CrudWebApiAspNetCore2.2\CrudWebApiAspNetCore2.2.csproj", "{86CEB21D-84DB-4A6F-911A-3399EDF9E4C1}"
EndProject
Global
	GlobalSection(SolutionConfigurationPlatforms) = preSolution
		Debug|Any CPU = Debug|Any CPU
		Release|Any CPU = Release|Any CPU
	EndGlobalSection
	GlobalSection(ProjectConfigurationPlatforms) = postSolution
		{86CEB21D-84DB-4A6F-911A-3399EDF9E4C1}.Debug|Any CPU.ActiveCfg = Debug|Any CPU
		{86CEB21D-84DB-4A6F-911A-3399EDF9E4C1}.Debug|Any CPU.Build.0 = Debug|Any CPU
		{86CEB21D-84DB-4A6F-911A-3399EDF9E4C1}.Release|Any CPU.ActiveCfg = Release|Any CPU
		{86CEB21D-84DB-4A6F-911A-3399EDF9E4C1}.Release|Any CPU.Build.0 = Release|Any CPU
	EndGlobalSection
	GlobalSection(SolutionProperties) = preSolution
		HideSolutionNode = FALSE
	EndGlobalSection
	GlobalSection(ExtensibilityGlobals) = postSolution
		SolutionGuid = {3C0D3F9E-9D0F-42FD-A3E6-1D827FD27E1F}
	EndGlobalSection
EndGlobal
